{
  "object": {
    "pins": [
      {
        "package": "Later",
        "repositoryURL": "https://github.com/0xLeif/Later/",
        "state": {
          "branch": null,
          "revision": "7f3b2e29b4aaeda8294012a243fe6d0d8d3546c5",
          "version": "0.3.0"
        }
      },
      {
        "package": "swift-nio",
        "repositoryURL": "https://github.com/apple/swift-nio.git",
        "state": {
          "branch": null,
          "revision": "cf6f2b1807219643270616e03de697b96c46384c",
          "version": "2.21.0"
        }
      },
      {
        "package": "SwiftUIKit",
        "repositoryURL": "https://github.com/0xLeif/SwiftUIKit",
        "state": {
          "branch": "feature/later-contracts",
          "revision": "5916c0b67de52a2552a35ad650136915545f5ac4",
          "version": null
        }
      }
    ]
  },
  "version": 1
}
